
Microsoft Visual Studio Solution File, Format Version 12.00
# Visual Studio Version 17
VisualStudioVersion = 17.9.34616.47
MinimumVisualStudioVersion = 10.0.40219.1
Project("{FAE04EC0-301F-11D3-BF4B-00C04F79EFBC}") = "Task1", "Task1\Task1.csproj", "{36F79EAC-6C47-4EDF-8D8C-C564B27DCAE8}"
EndProject
Global
	GlobalSection(SolutionConfigurationPlatforms) = preSolution
		Debug|Any CPU = Debug|Any CPU
		Release|Any CPU = Release|Any CPU
	EndGlobalSection
	GlobalSection(ProjectConfigurationPlatforms) = postSolution
		{36F79EAC-6C47-4EDF-8D8C-C564B27DCAE8}.Debug|Any CPU.ActiveCfg = Debug|Any CPU
		{36F79EAC-6C47-4EDF-8D8C-C564B27DCAE8}.Debug|Any CPU.Build.0 = Debug|Any CPU
		{36F79EAC-6C47-4EDF-8D8C-C564B27DCAE8}.Release|Any CPU.ActiveCfg = Release|Any CPU
		{36F79EAC-6C47-4EDF-8D8C-C564B27DCAE8}.Release|Any CPU.Build.0 = Release|Any CPU
	EndGlobalSection
	GlobalSection(SolutionProperties) = preSolution
		HideSolutionNode = FALSE
	EndGlobalSection
	GlobalSection(ExtensibilityGlobals) = postSolution
		SolutionGuid = {53537A05-C5A7-4C84-B371-6FC6B0B6C526}
	EndGlobalSection
EndGlobal
